
Microsoft Visual Studio Solution File, Format Version 12.00
# Visual Studio Version 17
VisualStudioVersion = 17.10.35027.167
MinimumVisualStudioVersion = 10.0.40219.1
Project("{FAE04EC0-301F-11D3-BF4B-00C04F79EFBC}") = "StudentDirectory.Server", "StudentDirectory.Server\StudentDirectory.Server.csproj", "{DA4FABD6-9FD8-4F3A-BC35-4641CE3854B5}"
EndProject
Project("{54A90642-561A-4BB1-A94E-469ADEE60C69}") = "studentdirectory.client", "studentdirectory.client\studentdirectory.client.esproj", "{154336DF-DB17-4BC2-86FB-519C3FD44240}"
EndProject
Global
	GlobalSection(SolutionConfigurationPlatforms) = preSolution
		Debug|Any CPU = Debug|Any CPU
		Release|Any CPU = Release|Any CPU
	EndGlobalSection
	GlobalSection(ProjectConfigurationPlatforms) = postSolution
		{DA4FABD6-9FD8-4F3A-BC35-4641CE3854B5}.Debug|Any CPU.ActiveCfg = Debug|Any CPU
		{DA4FABD6-9FD8-4F3A-BC35-4641CE3854B5}.Debug|Any CPU.Build.0 = Debug|Any CPU
		{DA4FABD6-9FD8-4F3A-BC35-4641CE3854B5}.Release|Any CPU.ActiveCfg = Release|Any CPU
		{DA4FABD6-9FD8-4F3A-BC35-4641CE3854B5}.Release|Any CPU.Build.0 = Release|Any CPU
		{154336DF-DB17-4BC2-86FB-519C3FD44240}.Debug|Any CPU.ActiveCfg = Debug|Any CPU
		{154336DF-DB17-4BC2-86FB-519C3FD44240}.Debug|Any CPU.Build.0 = Debug|Any CPU
		{154336DF-DB17-4BC2-86FB-519C3FD44240}.Debug|Any CPU.Deploy.0 = Debug|Any CPU
		{154336DF-DB17-4BC2-86FB-519C3FD44240}.Release|Any CPU.ActiveCfg = Release|Any CPU
		{154336DF-DB17-4BC2-86FB-519C3FD44240}.Release|Any CPU.Build.0 = Release|Any CPU
		{154336DF-DB17-4BC2-86FB-519C3FD44240}.Release|Any CPU.Deploy.0 = Release|Any CPU
	EndGlobalSection
	GlobalSection(SolutionProperties) = preSolution
		HideSolutionNode = FALSE
	EndGlobalSection
	GlobalSection(ExtensibilityGlobals) = postSolution
		SolutionGuid = {305D63AA-A552-4431-BC60-13CE0B5299D6}
	EndGlobalSection
EndGlobal
